
Microsoft Visual Studio Solution File, Format Version 12.00
# Visual Studio Version 16
VisualStudioVersion = 16.0.31129.286
MinimumVisualStudioVersion = 10.0.40219.1
Project("{2150E333-8FDC-42A3-9474-1A3956D46DE8}") = "Architecture", "Architecture", "{EC3D3B19-385F-4ED2-A6D1-40786C938D21}"
EndProject
Project("{FAE04EC0-301F-11D3-BF4B-00C04F79EFBC}") = "Architecture.DDD", "Architecture\Architecture.DDD\Architecture.DDD.csproj", "{B5F8866E-F989-4BD6-BD71-01AA469EE783}"
EndProject
Project("{2150E333-8FDC-42A3-9474-1A3956D46DE8}") = "Services", "Services", "{6CFF99BB-8ACD-45B4-A1A5-7FB5485F9BD7}"
EndProject
Project("{2150E333-8FDC-42A3-9474-1A3956D46DE8}") = "Tasks", "Tasks", "{8F1FDBFE-9108-4160-8DE9-BC6C36F1CCA6}"
EndProject
Project("{FAE04EC0-301F-11D3-BF4B-00C04F79EFBC}") = "Tasks.API", "Services\Tasks\Tasks.API\Tasks.API.csproj", "{207EF42F-5BEC-49ED-BF37-EB71535461E9}"
EndProject
Project("{E53339B2-1760-4266-BCC7-CA923CBCF16C}") = "docker-compose", "docker-compose.dcproj", "{A748C68E-318D-4D7C-A747-828BF5E67D1B}"
EndProject
Project("{FAE04EC0-301F-11D3-BF4B-00C04F79EFBC}") = "Tasks.Application", "Services\Tasks\Tasks.Application\Tasks.Application.csproj", "{E1562B50-2EB4-4CE2-86E4-1EE8914F1B14}"
EndProject
Project("{FAE04EC0-301F-11D3-BF4B-00C04F79EFBC}") = "Tasks.Domain", "Services\Tasks\Tasks.Domain\Tasks.Domain.csproj", "{DFDCF679-3395-4E19-9D96-52F397EA12A7}"
EndProject
Global
	GlobalSection(SolutionConfigurationPlatforms) = preSolution
		Debug|Any CPU = Debug|Any CPU
		Release|Any CPU = Release|Any CPU
	EndGlobalSection
	GlobalSection(ProjectConfigurationPlatforms) = postSolution
		{B5F8866E-F989-4BD6-BD71-01AA469EE783}.Debug|Any CPU.ActiveCfg = Debug|Any CPU
		{B5F8866E-F989-4BD6-BD71-01AA469EE783}.Debug|Any CPU.Build.0 = Debug|Any CPU
		{B5F8866E-F989-4BD6-BD71-01AA469EE783}.Release|Any CPU.ActiveCfg = Release|Any CPU
		{B5F8866E-F989-4BD6-BD71-01AA469EE783}.Release|Any CPU.Build.0 = Release|Any CPU
		{207EF42F-5BEC-49ED-BF37-EB71535461E9}.Debug|Any CPU.ActiveCfg = Debug|Any CPU
		{207EF42F-5BEC-49ED-BF37-EB71535461E9}.Debug|Any CPU.Build.0 = Debug|Any CPU
		{207EF42F-5BEC-49ED-BF37-EB71535461E9}.Release|Any CPU.ActiveCfg = Release|Any CPU
		{207EF42F-5BEC-49ED-BF37-EB71535461E9}.Release|Any CPU.Build.0 = Release|Any CPU
		{A748C68E-318D-4D7C-A747-828BF5E67D1B}.Debug|Any CPU.ActiveCfg = Debug|Any CPU
		{A748C68E-318D-4D7C-A747-828BF5E67D1B}.Debug|Any CPU.Build.0 = Debug|Any CPU
		{A748C68E-318D-4D7C-A747-828BF5E67D1B}.Release|Any CPU.ActiveCfg = Release|Any CPU
		{A748C68E-318D-4D7C-A747-828BF5E67D1B}.Release|Any CPU.Build.0 = Release|Any CPU
		{E1562B50-2EB4-4CE2-86E4-1EE8914F1B14}.Debug|Any CPU.ActiveCfg = Debug|Any CPU
		{E1562B50-2EB4-4CE2-86E4-1EE8914F1B14}.Debug|Any CPU.Build.0 = Debug|Any CPU
		{E1562B50-2EB4-4CE2-86E4-1EE8914F1B14}.Release|Any CPU.ActiveCfg = Release|Any CPU
		{E1562B50-2EB4-4CE2-86E4-1EE8914F1B14}.Release|Any CPU.Build.0 = Release|Any CPU
		{DFDCF679-3395-4E19-9D96-52F397EA12A7}.Debug|Any CPU.ActiveCfg = Debug|Any CPU
		{DFDCF679-3395-4E19-9D96-52F397EA12A7}.Debug|Any CPU.Build.0 = Debug|Any CPU
		{DFDCF679-3395-4E19-9D96-52F397EA12A7}.Release|Any CPU.ActiveCfg = Release|Any CPU
		{DFDCF679-3395-4E19-9D96-52F397EA12A7}.Release|Any CPU.Build.0 = Release|Any CPU
	EndGlobalSection
	GlobalSection(SolutionProperties) = preSolution
		HideSolutionNode = FALSE
	EndGlobalSection
	GlobalSection(NestedProjects) = preSolution
		{B5F8866E-F989-4BD6-BD71-01AA469EE783} = {EC3D3B19-385F-4ED2-A6D1-40786C938D21}
		{8F1FDBFE-9108-4160-8DE9-BC6C36F1CCA6} = {6CFF99BB-8ACD-45B4-A1A5-7FB5485F9BD7}
		{207EF42F-5BEC-49ED-BF37-EB71535461E9} = {8F1FDBFE-9108-4160-8DE9-BC6C36F1CCA6}
		{E1562B50-2EB4-4CE2-86E4-1EE8914F1B14} = {8F1FDBFE-9108-4160-8DE9-BC6C36F1CCA6}
		{DFDCF679-3395-4E19-9D96-52F397EA12A7} = {8F1FDBFE-9108-4160-8DE9-BC6C36F1CCA6}
	EndGlobalSection
	GlobalSection(ExtensibilityGlobals) = postSolution
		SolutionGuid = {8EE4CC04-3FAE-4D6E-BB1A-B76AD5C8F2E4}
	EndGlobalSection
EndGlobal
