
Microsoft Visual Studio Solution File, Format Version 12.00
# Visual Studio Version 17
VisualStudioVersion = 17.0.32014.148
MinimumVisualStudioVersion = 10.0.40219.1
Project("{2150E333-8FDC-42A3-9474-1A3956D46DE8}") = "Architecture", "Architecture", "{EC3D3B19-385F-4ED2-A6D1-40786C938D21}"
EndProject
Project("{9A19103F-16F7-4668-BE54-9A1E7A4F7556}") = "Architecture.DDD", "Architecture\Architecture.DDD\Architecture.DDD.csproj", "{B5F8866E-F989-4BD6-BD71-01AA469EE783}"
EndProject
Project("{2150E333-8FDC-42A3-9474-1A3956D46DE8}") = "Services", "Services", "{6CFF99BB-8ACD-45B4-A1A5-7FB5485F9BD7}"
EndProject
Project("{E53339B2-1760-4266-BCC7-CA923CBCF16C}") = "docker-compose", "docker-compose.dcproj", "{A748C68E-318D-4D7C-A747-828BF5E67D1B}"
EndProject
Project("{2150E333-8FDC-42A3-9474-1A3956D46DE8}") = "Issues", "Issues", "{E47882A9-10A3-477D-8C06-17A6835C9EE2}"
EndProject
Project("{9A19103F-16F7-4668-BE54-9A1E7A4F7556}") = "Issues.API", "Services\Issues\Issues.API\Issues.API.csproj", "{1F1E1B3F-5821-4C90-A9AA-94342B471FB4}"
EndProject
Project("{9A19103F-16F7-4668-BE54-9A1E7A4F7556}") = "Issues.Application", "Services\Issues\Issues.Application\Issues.Application.csproj", "{956AD57B-51DA-46A9-9405-A66861C70AB3}"
EndProject
Project("{9A19103F-16F7-4668-BE54-9A1E7A4F7556}") = "Issues.Domain", "Services\Issues\Issues.Domain\Issues.Domain.csproj", "{3D01BA5F-CF94-44D6-B6DE-041C72BB9B61}"
EndProject
Project("{2150E333-8FDC-42A3-9474-1A3956D46DE8}") = "Tests", "Tests", "{AC589D28-0A75-484F-BFD0-34FB593EFF7B}"
EndProject
Project("{9A19103F-16F7-4668-BE54-9A1E7A4F7556}") = "Issues.Infrastructure", "Services\Issues\Issues.Infrastructure\Issues.Infrastructure.csproj", "{1706BCEB-40E5-41CA-93D3-844291FDEDCE}"
EndProject
Project("{2150E333-8FDC-42A3-9474-1A3956D46DE8}") = "Gateways", "Gateways", "{A07D147F-4351-4394-A0D3-277F083EBA15}"
EndProject
Project("{9A19103F-16F7-4668-BE54-9A1E7A4F7556}") = "Issues.Tests.Acceptance", "Services\Issues\Tests\Issues.Tests.Acceptance\Issues.Tests.Acceptance.csproj", "{9E284A0E-3556-4A40-8195-E00251D499B0}"
EndProject
Project("{2150E333-8FDC-42A3-9474-1A3956D46DE8}") = "BuildingBlocks", "BuildingBlocks", "{60273230-476B-487B-8CB0-AC416EB3AFD6}"
EndProject
Project("{9A19103F-16F7-4668-BE54-9A1E7A4F7556}") = "WebHost.Customization", "BuildingBlocks\WebHost\WebHost.Customization\WebHost.Customization.csproj", "{1F951A3E-66C7-4752-A30A-81E27BC218CC}"
EndProject
Project("{9A19103F-16F7-4668-BE54-9A1E7A4F7556}") = "Issues.Tests.Core", "Services\Issues\Tests\Issues.Tests.Core\Issues.Tests.Core.csproj", "{71BE783F-EB3E-429D-87BB-94B7814B6133}"
EndProject
Project("{9A19103F-16F7-4668-BE54-9A1E7A4F7556}") = "Issues.Tests.Functional", "Services\Issues\Tests\Issues.Tests.Functional\Issues.Tests.Functional.csproj", "{7FD0EBB0-9F1E-4A50-A853-643570221BB6}"
EndProject
Project("{9A19103F-16F7-4668-BE54-9A1E7A4F7556}") = "Issues.Tests.Unit", "Services\Issues\Tests\Issues.Tests.Unit\Issues.Tests.Unit.csproj", "{02B2291C-18CC-48F1-AEEE-D930FFF82DAA}"
EndProject
Project("{2150E333-8FDC-42A3-9474-1A3956D46DE8}") = "Auth", "Auth", "{492B659A-947D-4411-8141-71BFCA8F5F97}"
EndProject
Project("{2150E333-8FDC-42A3-9474-1A3956D46DE8}") = "Users", "Users", "{74607F45-5808-4C84-B533-675A648E2B50}"
EndProject
Project("{9A19103F-16F7-4668-BE54-9A1E7A4F7556}") = "Users.API", "Services\Users\Users.API\Users.API.csproj", "{EBFDC2EC-AAF7-48B9-8FAC-5FB45C60A25A}"
EndProject
Project("{9A19103F-16F7-4668-BE54-9A1E7A4F7556}") = "Users.DAL", "Services\Users\Users.DAL\Users.DAL.csproj", "{71CBF36E-3E9D-4B07-B6E5-29A176F89090}"
EndProject
Project("{9A19103F-16F7-4668-BE54-9A1E7A4F7556}") = "EventBus", "BuildingBlocks\EventBus\EventBus.csproj", "{684C98A9-5D3A-4F1F-BF1C-664447C1F3FD}"
EndProject
Project("{9A19103F-16F7-4668-BE54-9A1E7A4F7556}") = "Users.Core", "Services\Users\Users.Core\Users.Core.csproj", "{97252A10-48E7-4E0B-9EA0-6856E2D7C892}"
EndProject
Project("{2150E333-8FDC-42A3-9474-1A3956D46DE8}") = "Tests", "Tests", "{E4C90B0F-B5F6-467D-8DED-08EB46C903FB}"
EndProject
Project("{9A19103F-16F7-4668-BE54-9A1E7A4F7556}") = "Users.Tests.Core", "Services\Users\Tests\Users.Tests.Core\Users.Tests.Core.csproj", "{A17DF7E1-6383-4A71-9F2B-8D2B26B7422E}"
EndProject
Project("{9A19103F-16F7-4668-BE54-9A1E7A4F7556}") = "Users.Tests.Acceptance", "Services\Users\Tests\Users.Tests.Acceptance\Users.Tests.Acceptance.csproj", "{30677303-92EC-415B-8E28-A37652B5B4B4}"
EndProject
Project("{9A19103F-16F7-4668-BE54-9A1E7A4F7556}") = "EventBus.InMemory", "BuildingBlocks\EventBus.InMemory\EventBus.InMemory.csproj", "{1026AE83-B11F-47D9-AA61-73DEBF3E06C3}"
EndProject
Project("{FAE04EC0-301F-11D3-BF4B-00C04F79EFBC}") = "Users.Tests.Unit", "Services\Users\Tests\Users.Tests.Unit\Users.Tests.Unit.csproj", "{8C9A4B61-F590-4767-A336-DF4593FA9EF0}"
EndProject
Global
	GlobalSection(SolutionConfigurationPlatforms) = preSolution
		Debug|Any CPU = Debug|Any CPU
		Release|Any CPU = Release|Any CPU
	EndGlobalSection
	GlobalSection(ProjectConfigurationPlatforms) = postSolution
		{B5F8866E-F989-4BD6-BD71-01AA469EE783}.Debug|Any CPU.ActiveCfg = Debug|Any CPU
		{B5F8866E-F989-4BD6-BD71-01AA469EE783}.Debug|Any CPU.Build.0 = Debug|Any CPU
		{B5F8866E-F989-4BD6-BD71-01AA469EE783}.Release|Any CPU.ActiveCfg = Release|Any CPU
		{B5F8866E-F989-4BD6-BD71-01AA469EE783}.Release|Any CPU.Build.0 = Release|Any CPU
		{A748C68E-318D-4D7C-A747-828BF5E67D1B}.Debug|Any CPU.ActiveCfg = Debug|Any CPU
		{A748C68E-318D-4D7C-A747-828BF5E67D1B}.Debug|Any CPU.Build.0 = Debug|Any CPU
		{A748C68E-318D-4D7C-A747-828BF5E67D1B}.Release|Any CPU.ActiveCfg = Release|Any CPU
		{A748C68E-318D-4D7C-A747-828BF5E67D1B}.Release|Any CPU.Build.0 = Release|Any CPU
		{1F1E1B3F-5821-4C90-A9AA-94342B471FB4}.Debug|Any CPU.ActiveCfg = Debug|Any CPU
		{1F1E1B3F-5821-4C90-A9AA-94342B471FB4}.Debug|Any CPU.Build.0 = Debug|Any CPU
		{1F1E1B3F-5821-4C90-A9AA-94342B471FB4}.Release|Any CPU.ActiveCfg = Release|Any CPU
		{1F1E1B3F-5821-4C90-A9AA-94342B471FB4}.Release|Any CPU.Build.0 = Release|Any CPU
		{956AD57B-51DA-46A9-9405-A66861C70AB3}.Debug|Any CPU.ActiveCfg = Debug|Any CPU
		{956AD57B-51DA-46A9-9405-A66861C70AB3}.Debug|Any CPU.Build.0 = Debug|Any CPU
		{956AD57B-51DA-46A9-9405-A66861C70AB3}.Release|Any CPU.ActiveCfg = Release|Any CPU
		{956AD57B-51DA-46A9-9405-A66861C70AB3}.Release|Any CPU.Build.0 = Release|Any CPU
		{3D01BA5F-CF94-44D6-B6DE-041C72BB9B61}.Debug|Any CPU.ActiveCfg = Debug|Any CPU
		{3D01BA5F-CF94-44D6-B6DE-041C72BB9B61}.Debug|Any CPU.Build.0 = Debug|Any CPU
		{3D01BA5F-CF94-44D6-B6DE-041C72BB9B61}.Release|Any CPU.ActiveCfg = Release|Any CPU
		{3D01BA5F-CF94-44D6-B6DE-041C72BB9B61}.Release|Any CPU.Build.0 = Release|Any CPU
		{1706BCEB-40E5-41CA-93D3-844291FDEDCE}.Debug|Any CPU.ActiveCfg = Debug|Any CPU
		{1706BCEB-40E5-41CA-93D3-844291FDEDCE}.Debug|Any CPU.Build.0 = Debug|Any CPU
		{1706BCEB-40E5-41CA-93D3-844291FDEDCE}.Release|Any CPU.ActiveCfg = Release|Any CPU
		{1706BCEB-40E5-41CA-93D3-844291FDEDCE}.Release|Any CPU.Build.0 = Release|Any CPU
		{9E284A0E-3556-4A40-8195-E00251D499B0}.Debug|Any CPU.ActiveCfg = Debug|Any CPU
		{9E284A0E-3556-4A40-8195-E00251D499B0}.Debug|Any CPU.Build.0 = Debug|Any CPU
		{9E284A0E-3556-4A40-8195-E00251D499B0}.Release|Any CPU.ActiveCfg = Release|Any CPU
		{9E284A0E-3556-4A40-8195-E00251D499B0}.Release|Any CPU.Build.0 = Release|Any CPU
		{1F951A3E-66C7-4752-A30A-81E27BC218CC}.Debug|Any CPU.ActiveCfg = Debug|Any CPU
		{1F951A3E-66C7-4752-A30A-81E27BC218CC}.Debug|Any CPU.Build.0 = Debug|Any CPU
		{1F951A3E-66C7-4752-A30A-81E27BC218CC}.Release|Any CPU.ActiveCfg = Release|Any CPU
		{1F951A3E-66C7-4752-A30A-81E27BC218CC}.Release|Any CPU.Build.0 = Release|Any CPU
		{71BE783F-EB3E-429D-87BB-94B7814B6133}.Debug|Any CPU.ActiveCfg = Debug|Any CPU
		{71BE783F-EB3E-429D-87BB-94B7814B6133}.Debug|Any CPU.Build.0 = Debug|Any CPU
		{71BE783F-EB3E-429D-87BB-94B7814B6133}.Release|Any CPU.ActiveCfg = Release|Any CPU
		{71BE783F-EB3E-429D-87BB-94B7814B6133}.Release|Any CPU.Build.0 = Release|Any CPU
		{7FD0EBB0-9F1E-4A50-A853-643570221BB6}.Debug|Any CPU.ActiveCfg = Debug|Any CPU
		{7FD0EBB0-9F1E-4A50-A853-643570221BB6}.Debug|Any CPU.Build.0 = Debug|Any CPU
		{7FD0EBB0-9F1E-4A50-A853-643570221BB6}.Release|Any CPU.ActiveCfg = Release|Any CPU
		{7FD0EBB0-9F1E-4A50-A853-643570221BB6}.Release|Any CPU.Build.0 = Release|Any CPU
		{02B2291C-18CC-48F1-AEEE-D930FFF82DAA}.Debug|Any CPU.ActiveCfg = Debug|Any CPU
		{02B2291C-18CC-48F1-AEEE-D930FFF82DAA}.Debug|Any CPU.Build.0 = Debug|Any CPU
		{02B2291C-18CC-48F1-AEEE-D930FFF82DAA}.Release|Any CPU.ActiveCfg = Release|Any CPU
		{02B2291C-18CC-48F1-AEEE-D930FFF82DAA}.Release|Any CPU.Build.0 = Release|Any CPU
		{EBFDC2EC-AAF7-48B9-8FAC-5FB45C60A25A}.Debug|Any CPU.ActiveCfg = Debug|Any CPU
		{EBFDC2EC-AAF7-48B9-8FAC-5FB45C60A25A}.Debug|Any CPU.Build.0 = Debug|Any CPU
		{EBFDC2EC-AAF7-48B9-8FAC-5FB45C60A25A}.Release|Any CPU.ActiveCfg = Release|Any CPU
		{EBFDC2EC-AAF7-48B9-8FAC-5FB45C60A25A}.Release|Any CPU.Build.0 = Release|Any CPU
		{71CBF36E-3E9D-4B07-B6E5-29A176F89090}.Debug|Any CPU.ActiveCfg = Debug|Any CPU
		{71CBF36E-3E9D-4B07-B6E5-29A176F89090}.Debug|Any CPU.Build.0 = Debug|Any CPU
		{71CBF36E-3E9D-4B07-B6E5-29A176F89090}.Release|Any CPU.ActiveCfg = Release|Any CPU
		{71CBF36E-3E9D-4B07-B6E5-29A176F89090}.Release|Any CPU.Build.0 = Release|Any CPU
		{684C98A9-5D3A-4F1F-BF1C-664447C1F3FD}.Debug|Any CPU.ActiveCfg = Debug|Any CPU
		{684C98A9-5D3A-4F1F-BF1C-664447C1F3FD}.Debug|Any CPU.Build.0 = Debug|Any CPU
		{684C98A9-5D3A-4F1F-BF1C-664447C1F3FD}.Release|Any CPU.ActiveCfg = Release|Any CPU
		{684C98A9-5D3A-4F1F-BF1C-664447C1F3FD}.Release|Any CPU.Build.0 = Release|Any CPU
		{97252A10-48E7-4E0B-9EA0-6856E2D7C892}.Debug|Any CPU.ActiveCfg = Debug|Any CPU
		{97252A10-48E7-4E0B-9EA0-6856E2D7C892}.Debug|Any CPU.Build.0 = Debug|Any CPU
		{97252A10-48E7-4E0B-9EA0-6856E2D7C892}.Release|Any CPU.ActiveCfg = Release|Any CPU
		{97252A10-48E7-4E0B-9EA0-6856E2D7C892}.Release|Any CPU.Build.0 = Release|Any CPU
		{A17DF7E1-6383-4A71-9F2B-8D2B26B7422E}.Debug|Any CPU.ActiveCfg = Debug|Any CPU
		{A17DF7E1-6383-4A71-9F2B-8D2B26B7422E}.Debug|Any CPU.Build.0 = Debug|Any CPU
		{A17DF7E1-6383-4A71-9F2B-8D2B26B7422E}.Release|Any CPU.ActiveCfg = Release|Any CPU
		{A17DF7E1-6383-4A71-9F2B-8D2B26B7422E}.Release|Any CPU.Build.0 = Release|Any CPU
		{30677303-92EC-415B-8E28-A37652B5B4B4}.Debug|Any CPU.ActiveCfg = Debug|Any CPU
		{30677303-92EC-415B-8E28-A37652B5B4B4}.Debug|Any CPU.Build.0 = Debug|Any CPU
		{30677303-92EC-415B-8E28-A37652B5B4B4}.Release|Any CPU.ActiveCfg = Release|Any CPU
		{30677303-92EC-415B-8E28-A37652B5B4B4}.Release|Any CPU.Build.0 = Release|Any CPU
		{1026AE83-B11F-47D9-AA61-73DEBF3E06C3}.Debug|Any CPU.ActiveCfg = Debug|Any CPU
		{1026AE83-B11F-47D9-AA61-73DEBF3E06C3}.Debug|Any CPU.Build.0 = Debug|Any CPU
		{1026AE83-B11F-47D9-AA61-73DEBF3E06C3}.Release|Any CPU.ActiveCfg = Release|Any CPU
		{1026AE83-B11F-47D9-AA61-73DEBF3E06C3}.Release|Any CPU.Build.0 = Release|Any CPU
		{8C9A4B61-F590-4767-A336-DF4593FA9EF0}.Debug|Any CPU.ActiveCfg = Debug|Any CPU
		{8C9A4B61-F590-4767-A336-DF4593FA9EF0}.Debug|Any CPU.Build.0 = Debug|Any CPU
		{8C9A4B61-F590-4767-A336-DF4593FA9EF0}.Release|Any CPU.ActiveCfg = Release|Any CPU
		{8C9A4B61-F590-4767-A336-DF4593FA9EF0}.Release|Any CPU.Build.0 = Release|Any CPU
	EndGlobalSection
	GlobalSection(SolutionProperties) = preSolution
		HideSolutionNode = FALSE
	EndGlobalSection
	GlobalSection(NestedProjects) = preSolution
		{B5F8866E-F989-4BD6-BD71-01AA469EE783} = {EC3D3B19-385F-4ED2-A6D1-40786C938D21}
		{E47882A9-10A3-477D-8C06-17A6835C9EE2} = {6CFF99BB-8ACD-45B4-A1A5-7FB5485F9BD7}
		{1F1E1B3F-5821-4C90-A9AA-94342B471FB4} = {E47882A9-10A3-477D-8C06-17A6835C9EE2}
		{956AD57B-51DA-46A9-9405-A66861C70AB3} = {E47882A9-10A3-477D-8C06-17A6835C9EE2}
		{3D01BA5F-CF94-44D6-B6DE-041C72BB9B61} = {E47882A9-10A3-477D-8C06-17A6835C9EE2}
		{AC589D28-0A75-484F-BFD0-34FB593EFF7B} = {E47882A9-10A3-477D-8C06-17A6835C9EE2}
		{1706BCEB-40E5-41CA-93D3-844291FDEDCE} = {E47882A9-10A3-477D-8C06-17A6835C9EE2}
		{9E284A0E-3556-4A40-8195-E00251D499B0} = {AC589D28-0A75-484F-BFD0-34FB593EFF7B}
		{1F951A3E-66C7-4752-A30A-81E27BC218CC} = {60273230-476B-487B-8CB0-AC416EB3AFD6}
		{71BE783F-EB3E-429D-87BB-94B7814B6133} = {AC589D28-0A75-484F-BFD0-34FB593EFF7B}
		{7FD0EBB0-9F1E-4A50-A853-643570221BB6} = {AC589D28-0A75-484F-BFD0-34FB593EFF7B}
		{02B2291C-18CC-48F1-AEEE-D930FFF82DAA} = {AC589D28-0A75-484F-BFD0-34FB593EFF7B}
		{492B659A-947D-4411-8141-71BFCA8F5F97} = {6CFF99BB-8ACD-45B4-A1A5-7FB5485F9BD7}
		{74607F45-5808-4C84-B533-675A648E2B50} = {6CFF99BB-8ACD-45B4-A1A5-7FB5485F9BD7}
		{EBFDC2EC-AAF7-48B9-8FAC-5FB45C60A25A} = {74607F45-5808-4C84-B533-675A648E2B50}
		{71CBF36E-3E9D-4B07-B6E5-29A176F89090} = {74607F45-5808-4C84-B533-675A648E2B50}
		{684C98A9-5D3A-4F1F-BF1C-664447C1F3FD} = {60273230-476B-487B-8CB0-AC416EB3AFD6}
		{97252A10-48E7-4E0B-9EA0-6856E2D7C892} = {74607F45-5808-4C84-B533-675A648E2B50}
		{E4C90B0F-B5F6-467D-8DED-08EB46C903FB} = {74607F45-5808-4C84-B533-675A648E2B50}
		{A17DF7E1-6383-4A71-9F2B-8D2B26B7422E} = {E4C90B0F-B5F6-467D-8DED-08EB46C903FB}
		{30677303-92EC-415B-8E28-A37652B5B4B4} = {E4C90B0F-B5F6-467D-8DED-08EB46C903FB}
		{1026AE83-B11F-47D9-AA61-73DEBF3E06C3} = {60273230-476B-487B-8CB0-AC416EB3AFD6}
		{8C9A4B61-F590-4767-A336-DF4593FA9EF0} = {E4C90B0F-B5F6-467D-8DED-08EB46C903FB}
	EndGlobalSection
	GlobalSection(ExtensibilityGlobals) = postSolution
		SolutionGuid = {8EE4CC04-3FAE-4D6E-BB1A-B76AD5C8F2E4}
	EndGlobalSection
EndGlobal
